PODS:
  - AFNetworking (3.2.1):
    - AFNetworking/NSURLSession (= 3.2.1)
    - AFNetworking/Reachability (= 3.2.1)
    - AFNetworking/Security (= 3.2.1)
    - AFNetworking/Serialization (= 3.2.1)
    - AFNetworking/UIKit (= 3.2.1)
  - AFNetworking/NSURLSession (3.2.1):
    - AFNetworking/Reachability
    - AFNetworking/Security
    - AFNetworking/Serialization
  - AFNetworking/Reachability (3.2.1)
  - AFNetworking/Security (3.2.1)
  - AFNetworking/Serialization (3.2.1)
  - AFNetworking/UIKit (3.2.1):
    - AFNetworking/NSURLSession
  - UIViewExt (1.0.1)

DEPENDENCIES:
  - AFNetworking (~> 3.2.1)
  - UIViewExt (~> 1.0.1)

SPEC REPOS:
  https://github.com/cocoapods/specs.git:
    - AFNetworking
    - UIViewExt

SPEC CHECKSUMS:
  AFNetworking: b6f891fdfaed196b46c7a83cf209e09697b94057
  UIViewExt: 7f719ec46544e88dc0e7777626cbdbeea5497ef2

PODFILE CHECKSUM: aa51ddf36c7d11ef8e46add26fd71b93e99be891

COCOAPODS: 1.5.3
