// !$*UTF8*$!
{
	archiveVersion = 1;
	classes = {
	};
	objectVersion = 50;
	objects = {

/* Begin PBXBuildFile section */
		0418F3E422E692AE00B50063 /* PTSearchView.m in Sources */ = {isa = PBXBuildFile; fileRef = 0418F3E322E692AE00B50063 /* PTSearchView.m */; };
		0418F3E822E692D800B50063 /* BaseViewController.m in Sources */ = {isa = PBXBuildFile; fileRef = 0418F3E722E692D800B50063 /* BaseViewController.m */; };
		0418F3EB22E694A500B50063 /* PTManager.m in Sources */ = {isa = PBXBuildFile; fileRef = 0418F3EA22E694A500B50063 /* PTManager.m */; };
		0418F3EF22E697D100B50063 /* 搜索图标.png in Resources */ = {isa = PBXBuildFile; fileRef = 0418F3EC22E697D100B50063 /* 搜索图标.png */; };
		0418F3F022E697D100B50063 /* 搜索图标@3x.png in Resources */ = {isa = PBXBuildFile; fileRef = 0418F3ED22E697D100B50063 /* 搜索图标@3x.png */; };
		0418F3F122E697D100B50063 /* 搜索图标@2x.png in Resources */ = {isa = PBXBuildFile; fileRef = 0418F3EE22E697D100B50063 /* 搜索图标@2x.png */; };
		0418F3F422E69DC100B50063 /* PTHomePageHeaderView.m in Sources */ = {isa = PBXBuildFile; fileRef = 0418F3F322E69DC100B50063 /* PTHomePageHeaderView.m */; };
		0418F3FE22E6AA9900B50063 /* PTHomePageViewController.m in Sources */ = {isa = PBXBuildFile; fileRef = 0418F3FA22E6AA9900B50063 /* PTHomePageViewController.m */; };
		0418F3FF22E6AA9900B50063 /* PTDetailViewController.m in Sources */ = {isa = PBXBuildFile; fileRef = 0418F3FB22E6AA9900B50063 /* PTDetailViewController.m */; };
		0418F40422E6AAC500B50063 /* PTChoiceViewController.m in Sources */ = {isa = PBXBuildFile; fileRef = 0418F40322E6AAC500B50063 /* PTChoiceViewController.m */; };
		0418F40722E6AC6100B50063 /* PTChoiceHeaderView.m in Sources */ = {isa = PBXBuildFile; fileRef = 0418F40622E6AC6100B50063 /* PTChoiceHeaderView.m */; };
		0418F40B22E6B07D00B50063 /* PTChoiceCell.m in Sources */ = {isa = PBXBuildFile; fileRef = 0418F40922E6B07D00B50063 /* PTChoiceCell.m */; };
		0418F40C22E6B07D00B50063 /* PTChoiceCell.xib in Resources */ = {isa = PBXBuildFile; fileRef = 0418F40A22E6B07D00B50063 /* PTChoiceCell.xib */; };
		0418F41222E6B62F00B50063 /* PTWholeViewController.m in Sources */ = {isa = PBXBuildFile; fileRef = 0418F41122E6B62F00B50063 /* PTWholeViewController.m */; };
		0418F41522E6B66000B50063 /* PTWholeHeaderView.m in Sources */ = {isa = PBXBuildFile; fileRef = 0418F41422E6B66000B50063 /* PTWholeHeaderView.m */; };
		0418F41C22E6B93B00B50063 /* BANNER _ 长图@3x.png in Resources */ = {isa = PBXBuildFile; fileRef = 0418F41622E6B93B00B50063 /* BANNER _ 长图@3x.png */; };
		0418F41D22E6B93B00B50063 /* 全部_down@2x.png in Resources */ = {isa = PBXBuildFile; fileRef = 0418F41722E6B93B00B50063 /* 全部_down@2x.png */; };
		0418F41E22E6B93B00B50063 /* 全部_down@3x.png in Resources */ = {isa = PBXBuildFile; fileRef = 0418F41822E6B93B00B50063 /* 全部_down@3x.png */; };
		0418F41F22E6B93B00B50063 /* BANNER _ 长图.png in Resources */ = {isa = PBXBuildFile; fileRef = 0418F41922E6B93B00B50063 /* BANNER _ 长图.png */; };
		0418F42022E6B93B00B50063 /* 全部_down.png in Resources */ = {isa = PBXBuildFile; fileRef = 0418F41A22E6B93B00B50063 /* 全部_down.png */; };
		0418F42122E6B93B00B50063 /* BANNER _ 长图@2x.png in Resources */ = {isa = PBXBuildFile; fileRef = 0418F41B22E6B93B00B50063 /* BANNER _ 长图@2x.png */; };
		0418F42B22E6BA3400B50063 /* 高薪日结.png in Resources */ = {isa = PBXBuildFile; fileRef = 0418F42222E6BA3300B50063 /* 高薪日结.png */; };
		0418F42C22E6BA3400B50063 /* 简单易做@2x.png in Resources */ = {isa = PBXBuildFile; fileRef = 0418F42322E6BA3300B50063 /* 简单易做@2x.png */; };
		0418F42D22E6BA3400B50063 /* 简单易做.png in Resources */ = {isa = PBXBuildFile; fileRef = 0418F42422E6BA3300B50063 /* 简单易做.png */; };
		0418F42E22E6BA3400B50063 /* 高薪日结@3x.png in Resources */ = {isa = PBXBuildFile; fileRef = 0418F42522E6BA3300B50063 /* 高薪日结@3x.png */; };
		0418F42F22E6BA3400B50063 /* 宅家赚钱@2x.png in Resources */ = {isa = PBXBuildFile; fileRef = 0418F42622E6BA3400B50063 /* 宅家赚钱@2x.png */; };
		0418F43022E6BA3400B50063 /* 宅家赚钱@3x.png in Resources */ = {isa = PBXBuildFile; fileRef = 0418F42722E6BA3400B50063 /* 宅家赚钱@3x.png */; };
		0418F43122E6BA3400B50063 /* 高薪日结@2x.png in Resources */ = {isa = PBXBuildFile; fileRef = 0418F42822E6BA3400B50063 /* 高薪日结@2x.png */; };
		0418F43222E6BA3400B50063 /* 宅家赚钱.png in Resources */ = {isa = PBXBuildFile; fileRef = 0418F42922E6BA3400B50063 /* 宅家赚钱.png */; };
		0418F43322E6BA3400B50063 /* 简单易做@3x.png in Resources */ = {isa = PBXBuildFile; fileRef = 0418F42A22E6BA3400B50063 /* 简单易做@3x.png */; };
		0418F43722E6BAE400B50063 /* 精选_down@2x.png in Resources */ = {isa = PBXBuildFile; fileRef = 0418F43422E6BAE400B50063 /* 精选_down@2x.png */; };
		0418F43822E6BAE400B50063 /* 精选_down.png in Resources */ = {isa = PBXBuildFile; fileRef = 0418F43522E6BAE400B50063 /* 精选_down.png */; };
		0418F43922E6BAE400B50063 /* 精选_down@3x.png in Resources */ = {isa = PBXBuildFile; fileRef = 0418F43622E6BAE400B50063 /* 精选_down@3x.png */; };
		04E8C34C22E5459900B4FF6D /* AppDelegate.m in Sources */ = {isa = PBXBuildFile; fileRef = 04E8C34B22E5459900B4FF6D /* AppDelegate.m */; };
		04E8C34F22E5459900B4FF6D /* ViewController.m in Sources */ = {isa = PBXBuildFile; fileRef = 04E8C34E22E5459900B4FF6D /* ViewController.m */; };
		04E8C35222E5459900B4FF6D /* Main.storyboard in Resources */ = {isa = PBXBuildFile; fileRef = 04E8C35022E5459900B4FF6D /* Main.storyboard */; };
		04E8C35422E5459900B4FF6D /* Assets.xcassets in Resources */ = {isa = PBXBuildFile; fileRef = 04E8C35322E5459900B4FF6D /* Assets.xcassets */; };
		04E8C35722E5459900B4FF6D /* LaunchScreen.storyboard in Resources */ = {isa = PBXBuildFile; fileRef = 04E8C35522E5459900B4FF6D /* LaunchScreen.storyboard */; };
		04E8C35A22E5459900B4FF6D /* main.m in Sources */ = {isa = PBXBuildFile; fileRef = 04E8C35922E5459900B4FF6D /* main.m */; };
		04E8C36722E547BD00B4FF6D /* PTTabbarViewController.m in Sources */ = {isa = PBXBuildFile; fileRef = 04E8C36522E547BD00B4FF6D /* PTTabbarViewController.m */; };
		04E8C36822E547BD00B4FF6D /* PTTabbarViewController.xib in Resources */ = {isa = PBXBuildFile; fileRef = 04E8C36622E547BD00B4FF6D /* PTTabbarViewController.xib */; };
		04E8C37B22E55C2F00B4FF6D /* 首页@3x.png in Resources */ = {isa = PBXBuildFile; fileRef = 04E8C37822E55C2F00B4FF6D /* 首页@3x.png */; };
		04E8C37C22E55C2F00B4FF6D /* 首页@2x.png in Resources */ = {isa = PBXBuildFile; fileRef = 04E8C37922E55C2F00B4FF6D /* 首页@2x.png */; };
		04E8C37D22E55C2F00B4FF6D /* 首页.png in Resources */ = {isa = PBXBuildFile; fileRef = 04E8C37A22E55C2F00B4FF6D /* 首页.png */; };
		04E8C38422E55CCE00B4FF6D /* 精选.png in Resources */ = {isa = PBXBuildFile; fileRef = 04E8C38122E55CCE00B4FF6D /* 精选.png */; };
		04E8C38522E55CCE00B4FF6D /* 精选@3x.png in Resources */ = {isa = PBXBuildFile; fileRef = 04E8C38222E55CCE00B4FF6D /* 精选@3x.png */; };
		04E8C38622E55CCE00B4FF6D /* 精选@2x.png in Resources */ = {isa = PBXBuildFile; fileRef = 04E8C38322E55CCE00B4FF6D /* 精选@2x.png */; };
		04E8C39222E55D0700B4FF6D /* 我的.png in Resources */ = {isa = PBXBuildFile; fileRef = 04E8C38F22E55D0700B4FF6D /* 我的.png */; };
		04E8C39322E55D0700B4FF6D /* 我的@2x.png in Resources */ = {isa = PBXBuildFile; fileRef = 04E8C39022E55D0700B4FF6D /* 我的@2x.png */; };
		04E8C39422E55D0700B4FF6D /* 我的@3x.png in Resources */ = {isa = PBXBuildFile; fileRef = 04E8C39122E55D0700B4FF6D /* 我的@3x.png */; };
		04E8C39822E55D1700B4FF6D /* 全部@3x.png in Resources */ = {isa = PBXBuildFile; fileRef = 04E8C39522E55D1600B4FF6D /* 全部@3x.png */; };
		04E8C39922E55D1700B4FF6D /* 全部@2x.png in Resources */ = {isa = PBXBuildFile; fileRef = 04E8C39622E55D1600B4FF6D /* 全部@2x.png */; };
		04E8C39A22E55D1700B4FF6D /* 全部.png in Resources */ = {isa = PBXBuildFile; fileRef = 04E8C39722E55D1700B4FF6D /* 全部.png */; };
		04E8C39E22E56F1A00B4FF6D /* PTTool.m in Sources */ = {isa = PBXBuildFile; fileRef = 04E8C39D22E56F1A00B4FF6D /* PTTool.m */; };
		04E8C3A222E5710200B4FF6D /* 我的选中@2x.png in Resources */ = {isa = PBXBuildFile; fileRef = 04E8C39F22E5710100B4FF6D /* 我的选中@2x.png */; };
		04E8C3A322E5710200B4FF6D /* 我的选中@3x.png in Resources */ = {isa = PBXBuildFile; fileRef = 04E8C3A022E5710200B4FF6D /* 我的选中@3x.png */; };
		04E8C3A422E5710200B4FF6D /* 我的选中.png in Resources */ = {isa = PBXBuildFile; fileRef = 04E8C3A122E5710200B4FF6D /* 我的选中.png */; };
		04E8C3AC22E5742400B4FF6D /* rightArrow@2x.png in Resources */ = {isa = PBXBuildFile; fileRef = 04E8C3AA22E5742400B4FF6D /* rightArrow@2x.png */; };
		04E8C3AD22E5742400B4FF6D /* rightArrow@3x.png in Resources */ = {isa = PBXBuildFile; fileRef = 04E8C3AB22E5742400B4FF6D /* rightArrow@3x.png */; };
		04E8C3B222E586D500B4FF6D /* PTLoginViewController.m in Sources */ = {isa = PBXBuildFile; fileRef = 04E8C3B022E586D500B4FF6D /* PTLoginViewController.m */; };
		04E8C3B322E586D500B4FF6D /* PTLoginViewController.xib in Resources */ = {isa = PBXBuildFile; fileRef = 04E8C3B122E586D500B4FF6D /* PTLoginViewController.xib */; };
		04E8C3B622E5878300B4FF6D /* 关闭_白色@2x.png in Resources */ = {isa = PBXBuildFile; fileRef = 04E8C3B422E5878300B4FF6D /* 关闭_白色@2x.png */; };
		04E8C3B722E5878300B4FF6D /* 关闭_白色@3x.png in Resources */ = {isa = PBXBuildFile; fileRef = 04E8C3B522E5878300B4FF6D /* 关闭_白色@3x.png */; };
		04E8C3BC22E5924B00B4FF6D /* NSString+validate.m in Sources */ = {isa = PBXBuildFile; fileRef = 04E8C3B822E5924B00B4FF6D /* NSString+validate.m */; };
		04E8C3BD22E5924B00B4FF6D /* NSString+Java.m in Sources */ = {isa = PBXBuildFile; fileRef = 04E8C3BA22E5924B00B4FF6D /* NSString+Java.m */; };
		04E8C3C622E5A2F900B4FF6D /* 立即查看按钮@2x.png in Resources */ = {isa = PBXBuildFile; fileRef = 04E8C3C322E5A2F900B4FF6D /* 立即查看按钮@2x.png */; };
		04E8C3C722E5A2F900B4FF6D /* 立即查看按钮@3x.png in Resources */ = {isa = PBXBuildFile; fileRef = 04E8C3C422E5A2F900B4FF6D /* 立即查看按钮@3x.png */; };
		04E8C3C822E5A2F900B4FF6D /* 立即查看按钮.png in Resources */ = {isa = PBXBuildFile; fileRef = 04E8C3C522E5A2F900B4FF6D /* 立即查看按钮.png */; };
		04E8C3D022E5A91600B4FF6D /* PTHomePageCell.m in Sources */ = {isa = PBXBuildFile; fileRef = 04E8C3CE22E5A91600B4FF6D /* PTHomePageCell.m */; };
		04E8C3D122E5A91600B4FF6D /* PTHomePageCell.xib in Resources */ = {isa = PBXBuildFile; fileRef = 04E8C3CF22E5A91600B4FF6D /* PTHomePageCell.xib */; };
		04E8C3D522E5A93600B4FF6D /* PTHomePageModel.m in Sources */ = {isa = PBXBuildFile; fileRef = 04E8C3D422E5A93600B4FF6D /* PTHomePageModel.m */; };
		04E8C3E022E5AB3100B4FF6D /* PTMineCell.xib in Resources */ = {isa = PBXBuildFile; fileRef = 04E8C3DE22E5AB3100B4FF6D /* PTMineCell.xib */; };
		04E8C3E122E5AB3100B4FF6D /* PTMineCell.m in Sources */ = {isa = PBXBuildFile; fileRef = 04E8C3DF22E5AB3100B4FF6D /* PTMineCell.m */; };
		04E8C3E422E5AB3800B4FF6D /* PTMineViewController.m in Sources */ = {isa = PBXBuildFile; fileRef = 04E8C3E322E5AB3800B4FF6D /* PTMineViewController.m */; };
		04E8C3EC22E5AC8900B4FF6D /* PTDetailTitleCell.m in Sources */ = {isa = PBXBuildFile; fileRef = 04E8C3EA22E5AC8900B4FF6D /* PTDetailTitleCell.m */; };
		04E8C3ED22E5AC8900B4FF6D /* PTDetailTitleCell.xib in Resources */ = {isa = PBXBuildFile; fileRef = 04E8C3EB22E5AC8900B4FF6D /* PTDetailTitleCell.xib */; };
		04E8C3F122E5ADAC00B4FF6D /* PTDetailContentCell.m in Sources */ = {isa = PBXBuildFile; fileRef = 04E8C3EF22E5ADAC00B4FF6D /* PTDetailContentCell.m */; };
		04E8C3F222E5ADAC00B4FF6D /* PTDetailContentCell.xib in Resources */ = {isa = PBXBuildFile; fileRef = 04E8C3F022E5ADAC00B4FF6D /* PTDetailContentCell.xib */; };
		04E8C3F622E5ADD900B4FF6D /* PTDetailCompanyCell.m in Sources */ = {isa = PBXBuildFile; fileRef = 04E8C3F422E5ADD900B4FF6D /* PTDetailCompanyCell.m */; };
		04E8C3F722E5ADD900B4FF6D /* PTDetailCompanyCell.xib in Resources */ = {isa = PBXBuildFile; fileRef = 04E8C3F522E5ADD900B4FF6D /* PTDetailCompanyCell.xib */; };
		04E8C3FB22E5B83800B4FF6D /* 认证图标.png in Resources */ = {isa = PBXBuildFile; fileRef = 04E8C3F822E5B83700B4FF6D /* 认证图标.png */; };
		04E8C3FC22E5B83800B4FF6D /* 认证图标@3x.png in Resources */ = {isa = PBXBuildFile; fileRef = 04E8C3F922E5B83700B4FF6D /* 认证图标@3x.png */; };
		04E8C3FD22E5B83800B4FF6D /* 认证图标@2x.png in Resources */ = {isa = PBXBuildFile; fileRef = 04E8C3FA22E5B83800B4FF6D /* 认证图标@2x.png */; };
		30EBA0BC06BC86DBD4997BD2 /* libPods-PartTime.a in Frameworks */ = {isa = PBXBuildFile; fileRef = 6B47F2C2593B8D5660AD24D1 /* libPods-PartTime.a */; };
/* End PBXBuildFile section */

/* Begin PBXFileReference section */
		0418F3E222E692AE00B50063 /* PTSearchView.h */ = {isa = PBXFileReference; lastKnownFileType = sourcecode.c.h; path = PTSearchView.h; sourceTree = "<group>"; };
		0418F3E322E692AE00B50063 /* PTSearchView.m */ = {isa = PBXFileReference; lastKnownFileType = sourcecode.c.objc; path = PTSearchView.m; sourceTree = "<group>"; };
		0418F3E622E692D800B50063 /* BaseViewController.h */ = {isa = PBXFileReference; lastKnownFileType = sourcecode.c.h; path = BaseViewController.h; sourceTree = "<group>"; };
		0418F3E722E692D800B50063 /* BaseViewController.m */ = {isa = PBXFileReference; lastKnownFileType = sourcecode.c.objc; path = BaseViewController.m; sourceTree = "<group>"; };
		0418F3E922E694A500B50063 /* PTManager.h */ = {isa = PBXFileReference; lastKnownFileType = sourcecode.c.h; path = PTManager.h; sourceTree = "<group>"; };
		0418F3EA22E694A500B50063 /* PTManager.m */ = {isa = PBXFileReference; lastKnownFileType = sourcecode.c.objc; path = PTManager.m; sourceTree = "<group>"; };
		0418F3EC22E697D100B50063 /* 搜索图标.png */ = {isa = PBXFileReference; lastKnownFileType = image.png; path = "搜索图标.png"; sourceTree = "<group>"; };
		0418F3ED22E697D100B50063 /* 搜索图标@3x.png */ = {isa = PBXFileReference; lastKnownFileType = image.png; path = "搜索图标@3x.png"; sourceTree = "<group>"; };
		0418F3EE22E697D100B50063 /* 搜索图标@2x.png */ = {isa = PBXFileReference; lastKnownFileType = image.png; path = "搜索图标@2x.png"; sourceTree = "<group>"; };
		0418F3F222E69DC100B50063 /* PTHomePageHeaderView.h */ = {isa = PBXFileReference; lastKnownFileType = sourcecode.c.h; path = PTHomePageHeaderView.h; sourceTree = "<group>"; };
		0418F3F322E69DC100B50063 /* PTHomePageHeaderView.m */ = {isa = PBXFileReference; lastKnownFileType = sourcecode.c.objc; path = PTHomePageHeaderView.m; sourceTree = "<group>"; };
		0418F3FA22E6AA9900B50063 /* PTHomePageViewController.m */ = {isa = PBXFileReference; fileEncoding = 4; lastKnownFileType = sourcecode.c.objc; path = PTHomePageViewController.m; sourceTree = "<group>"; };
		0418F3FB22E6AA9900B50063 /* PTDetailViewController.m */ = {isa = PBXFileReference; fileEncoding = 4; lastKnownFileType = sourcecode.c.objc; path = PTDetailViewController.m; sourceTree = "<group>"; };
		0418F3FC22E6AA9900B50063 /* PTDetailViewController.h */ = {isa = PBXFileReference; fileEncoding = 4; lastKnownFileType = sourcecode.c.h; path = PTDetailViewController.h; sourceTree = "<group>"; };
		0418F3FD22E6AA9900B50063 /* PTHomePageViewController.h */ = {isa = PBXFileReference; fileEncoding = 4; lastKnownFileType = sourcecode.c.h; path = PTHomePageViewController.h; sourceTree = "<group>"; };
		0418F40222E6AAC500B50063 /* PTChoiceViewController.h */ = {isa = PBXFileReference; fileEncoding = 4; lastKnownFileType = sourcecode.c.h; path = PTChoiceViewController.h; sourceTree = "<group>"; };
		0418F40322E6AAC500B50063 /* PTChoiceViewController.m */ = {isa = PBXFileReference; fileEncoding = 4; lastKnownFileType = sourcecode.c.objc; path = PTChoiceViewController.m; sourceTree = "<group>"; };
		0418F40522E6AC6100B50063 /* PTChoiceHeaderView.h */ = {isa = PBXFileReference; lastKnownFileType = sourcecode.c.h; path = PTChoiceHeaderView.h; sourceTree = "<group>"; };
		0418F40622E6AC6100B50063 /* PTChoiceHeaderView.m */ = {isa = PBXFileReference; lastKnownFileType = sourcecode.c.objc; path = PTChoiceHeaderView.m; sourceTree = "<group>"; };
		0418F40822E6B07D00B50063 /* PTChoiceCell.h */ = {isa = PBXFileReference; lastKnownFileType = sourcecode.c.h; path = PTChoiceCell.h; sourceTree = "<group>"; };
		0418F40922E6B07D00B50063 /* PTChoiceCell.m */ = {isa = PBXFileReference; lastKnownFileType = sourcecode.c.objc; path = PTChoiceCell.m; sourceTree = "<group>"; };
		0418F40A22E6B07D00B50063 /* PTChoiceCell.xib */ = {isa = PBXFileReference; lastKnownFileType = file.xib; path = PTChoiceCell.xib; sourceTree = "<group>"; };
		0418F41022E6B62F00B50063 /* PTWholeViewController.h */ = {isa = PBXFileReference; fileEncoding = 4; lastKnownFileType = sourcecode.c.h; path = PTWholeViewController.h; sourceTree = "<group>"; };
		0418F41122E6B62F00B50063 /* PTWholeViewController.m */ = {isa = PBXFileReference; fileEncoding = 4; lastKnownFileType = sourcecode.c.objc; path = PTWholeViewController.m; sourceTree = "<group>"; };
		0418F41322E6B66000B50063 /* PTWholeHeaderView.h */ = {isa = PBXFileReference; lastKnownFileType = sourcecode.c.h; path = PTWholeHeaderView.h; sourceTree = "<group>"; };
		0418F41422E6B66000B50063 /* PTWholeHeaderView.m */ = {isa = PBXFileReference; lastKnownFileType = sourcecode.c.objc; path = PTWholeHeaderView.m; sourceTree = "<group>"; };
		0418F41622E6B93B00B50063 /* BANNER _ 长图@3x.png */ = {isa = PBXFileReference; lastKnownFileType = image.png; path = "BANNER _ 长图@3x.png"; sourceTree = "<group>"; };
		0418F41722E6B93B00B50063 /* 全部_down@2x.png */ = {isa = PBXFileReference; lastKnownFileType = image.png; path = "全部_down@2x.png"; sourceTree = "<group>"; };
		0418F41822E6B93B00B50063 /* 全部_down@3x.png */ = {isa = PBXFileReference; lastKnownFileType = image.png; path = "全部_down@3x.png"; sourceTree = "<group>"; };
		0418F41922E6B93B00B50063 /* BANNER _ 长图.png */ = {isa = PBXFileReference; lastKnownFileType = image.png; path = "BANNER _ 长图.png"; sourceTree = "<group>"; };
		0418F41A22E6B93B00B50063 /* 全部_down.png */ = {isa = PBXFileReference; lastKnownFileType = image.png; path = "全部_down.png"; sourceTree = "<group>"; };
		0418F41B22E6B93B00B50063 /* BANNER _ 长图@2x.png */ = {isa = PBXFileReference; lastKnownFileType = image.png; path = "BANNER _ 长图@2x.png"; sourceTree = "<group>"; };
		0418F42222E6BA3300B50063 /* 高薪日结.png */ = {isa = PBXFileReference; lastKnownFileType = image.png; path = "高薪日结.png"; sourceTree = "<group>"; };
		0418F42322E6BA3300B50063 /* 简单易做@2x.png */ = {isa = PBXFileReference; lastKnownFileType = image.png; path = "简单易做@2x.png"; sourceTree = "<group>"; };
		0418F42422E6BA3300B50063 /* 简单易做.png */ = {isa = PBXFileReference; lastKnownFileType = image.png; path = "简单易做.png"; sourceTree = "<group>"; };
		0418F42522E6BA3300B50063 /* 高薪日结@3x.png */ = {isa = PBXFileReference; lastKnownFileType = image.png; path = "高薪日结@3x.png"; sourceTree = "<group>"; };
		0418F42622E6BA3400B50063 /* 宅家赚钱@2x.png */ = {isa = PBXFileReference; lastKnownFileType = image.png; path = "宅家赚钱@2x.png"; sourceTree = "<group>"; };
		0418F42722E6BA3400B50063 /* 宅家赚钱@3x.png */ = {isa = PBXFileReference; lastKnownFileType = image.png; path = "宅家赚钱@3x.png"; sourceTree = "<group>"; };
		0418F42822E6BA3400B50063 /* 高薪日结@2x.png */ = {isa = PBXFileReference; lastKnownFileType = image.png; path = "高薪日结@2x.png"; sourceTree = "<group>"; };
		0418F42922E6BA3400B50063 /* 宅家赚钱.png */ = {isa = PBXFileReference; lastKnownFileType = image.png; path = "宅家赚钱.png"; sourceTree = "<group>"; };
		0418F42A22E6BA3400B50063 /* 简单易做@3x.png */ = {isa = PBXFileReference; lastKnownFileType = image.png; path = "简单易做@3x.png"; sourceTree = "<group>"; };
		0418F43422E6BAE400B50063 /* 精选_down@2x.png */ = {isa = PBXFileReference; lastKnownFileType = image.png; path = "精选_down@2x.png"; sourceTree = "<group>"; };
		0418F43522E6BAE400B50063 /* 精选_down.png */ = {isa = PBXFileReference; lastKnownFileType = image.png; path = "精选_down.png"; sourceTree = "<group>"; };
		0418F43622E6BAE400B50063 /* 精选_down@3x.png */ = {isa = PBXFileReference; lastKnownFileType = image.png; path = "精选_down@3x.png"; sourceTree = "<group>"; };
		04E8C34722E5459900B4FF6D /* PartTime.app */ = {isa = PBXFileReference; explicitFileType = wrapper.application; includeInIndex = 0; path = PartTime.app; sourceTree = BUILT_PRODUCTS_DIR; };
		04E8C34A22E5459900B4FF6D /* AppDelegate.h */ = {isa = PBXFileReference; lastKnownFileType = sourcecode.c.h; path = AppDelegate.h; sourceTree = "<group>"; };
		04E8C34B22E5459900B4FF6D /* AppDelegate.m */ = {isa = PBXFileReference; lastKnownFileType = sourcecode.c.objc; path = AppDelegate.m; sourceTree = "<group>"; };
		04E8C34D22E5459900B4FF6D /* ViewController.h */ = {isa = PBXFileReference; lastKnownFileType = sourcecode.c.h; path = ViewController.h; sourceTree = "<group>"; };
		04E8C34E22E5459900B4FF6D /* ViewController.m */ = {isa = PBXFileReference; lastKnownFileType = sourcecode.c.objc; path = ViewController.m; sourceTree = "<group>"; };
		04E8C35122E5459900B4FF6D /* Base */ = {isa = PBXFileReference; lastKnownFileType = file.storyboard; name = Base; path = Base.lproj/Main.storyboard; sourceTree = "<group>"; };
		04E8C35322E5459900B4FF6D /* Assets.xcassets */ = {isa = PBXFileReference; lastKnownFileType = folder.assetcatalog; path = Assets.xcassets; sourceTree = "<group>"; };
		04E8C35622E5459900B4FF6D /* Base */ = {isa = PBXFileReference; lastKnownFileType = file.storyboard; name = Base; path = Base.lproj/LaunchScreen.storyboard; sourceTree = "<group>"; };
		04E8C35822E5459900B4FF6D /* Info.plist */ = {isa = PBXFileReference; lastKnownFileType = text.plist.xml; path = Info.plist; sourceTree = "<group>"; };
		04E8C35922E5459900B4FF6D /* main.m */ = {isa = PBXFileReference; lastKnownFileType = sourcecode.c.objc; path = main.m; sourceTree = "<group>"; };
		04E8C36422E547BD00B4FF6D /* PTTabbarViewController.h */ = {isa = PBXFileReference; lastKnownFileType = sourcecode.c.h; path = PTTabbarViewController.h; sourceTree = "<group>"; };
		04E8C36522E547BD00B4FF6D /* PTTabbarViewController.m */ = {isa = PBXFileReference; lastKnownFileType = sourcecode.c.objc; path = PTTabbarViewController.m; sourceTree = "<group>"; };
		04E8C36622E547BD00B4FF6D /* PTTabbarViewController.xib */ = {isa = PBXFileReference; lastKnownFileType = file.xib; path = PTTabbarViewController.xib; sourceTree = "<group>"; };
		04E8C37822E55C2F00B4FF6D /* 首页@3x.png */ = {isa = PBXFileReference; lastKnownFileType = image.png; path = "首页@3x.png"; sourceTree = "<group>"; };
		04E8C37922E55C2F00B4FF6D /* 首页@2x.png */ = {isa = PBXFileReference; lastKnownFileType = image.png; path = "首页@2x.png"; sourceTree = "<group>"; };
		04E8C37A22E55C2F00B4FF6D /* 首页.png */ = {isa = PBXFileReference; lastKnownFileType = image.png; path = "首页.png"; sourceTree = "<group>"; };
		04E8C38122E55CCE00B4FF6D /* 精选.png */ = {isa = PBXFileReference; lastKnownFileType = image.png; path = "精选.png"; sourceTree = "<group>"; };
		04E8C38222E55CCE00B4FF6D /* 精选@3x.png */ = {isa = PBXFileReference; lastKnownFileType = image.png; path = "精选@3x.png"; sourceTree = "<group>"; };
		04E8C38322E55CCE00B4FF6D /* 精选@2x.png */ = {isa = PBXFileReference; lastKnownFileType = image.png; path = "精选@2x.png"; sourceTree = "<group>"; };
		04E8C38F22E55D0700B4FF6D /* 我的.png */ = {isa = PBXFileReference; lastKnownFileType = image.png; path = "我的.png"; sourceTree = "<group>"; };
		04E8C39022E55D0700B4FF6D /* 我的@2x.png */ = {isa = PBXFileReference; lastKnownFileType = image.png; path = "我的@2x.png"; sourceTree = "<group>"; };
		04E8C39122E55D0700B4FF6D /* 我的@3x.png */ = {isa = PBXFileReference; lastKnownFileType = image.png; path = "我的@3x.png"; sourceTree = "<group>"; };
		04E8C39522E55D1600B4FF6D /* 全部@3x.png */ = {isa = PBXFileReference; lastKnownFileType = image.png; path = "全部@3x.png"; sourceTree = "<group>"; };
		04E8C39622E55D1600B4FF6D /* 全部@2x.png */ = {isa = PBXFileReference; lastKnownFileType = image.png; path = "全部@2x.png"; sourceTree = "<group>"; };
		04E8C39722E55D1700B4FF6D /* 全部.png */ = {isa = PBXFileReference; lastKnownFileType = image.png; path = "全部.png"; sourceTree = "<group>"; };
		04E8C39B22E56DA400B4FF6D /* PTPch.pch */ = {isa = PBXFileReference; lastKnownFileType = sourcecode.c.h; path = PTPch.pch; sourceTree = "<group>"; };
		04E8C39C22E56F1A00B4FF6D /* PTTool.h */ = {isa = PBXFileReference; lastKnownFileType = sourcecode.c.h; path = PTTool.h; sourceTree = "<group>"; };
		04E8C39D22E56F1A00B4FF6D /* PTTool.m */ = {isa = PBXFileReference; lastKnownFileType = sourcecode.c.objc; path = PTTool.m; sourceTree = "<group>"; };
		04E8C39F22E5710100B4FF6D /* 我的选中@2x.png */ = {isa = PBXFileReference; lastKnownFileType = image.png; path = "我的选中@2x.png"; sourceTree = "<group>"; };
		04E8C3A022E5710200B4FF6D /* 我的选中@3x.png */ = {isa = PBXFileReference; lastKnownFileType = image.png; path = "我的选中@3x.png"; sourceTree = "<group>"; };
		04E8C3A122E5710200B4FF6D /* 我的选中.png */ = {isa = PBXFileReference; lastKnownFileType = image.png; path = "我的选中.png"; sourceTree = "<group>"; };
		04E8C3AA22E5742400B4FF6D /* rightArrow@2x.png */ = {isa = PBXFileReference; lastKnownFileType = image.png; path = "rightArrow@2x.png"; sourceTree = "<group>"; };
		04E8C3AB22E5742400B4FF6D /* rightArrow@3x.png */ = {isa = PBXFileReference; lastKnownFileType = image.png; path = "rightArrow@3x.png"; sourceTree = "<group>"; };
		04E8C3AF22E586D500B4FF6D /* PTLoginViewController.h */ = {isa = PBXFileReference; lastKnownFileType = sourcecode.c.h; path = PTLoginViewController.h; sourceTree = "<group>"; };
		04E8C3B022E586D500B4FF6D /* PTLoginViewController.m */ = {isa = PBXFileReference; lastKnownFileType = sourcecode.c.objc; path = PTLoginViewController.m; sourceTree = "<group>"; };
		04E8C3B122E586D500B4FF6D /* PTLoginViewController.xib */ = {isa = PBXFileReference; lastKnownFileType = file.xib; path = PTLoginViewController.xib; sourceTree = "<group>"; };
		04E8C3B422E5878300B4FF6D /* 关闭_白色@2x.png */ = {isa = PBXFileReference; lastKnownFileType = image.png; path = "关闭_白色@2x.png"; sourceTree = "<group>"; };
		04E8C3B522E5878300B4FF6D /* 关闭_白色@3x.png */ = {isa = PBXFileReference; lastKnownFileType = image.png; path = "关闭_白色@3x.png"; sourceTree = "<group>"; };
		04E8C3B822E5924B00B4FF6D /* NSString+validate.m */ = {isa = PBXFileReference; fileEncoding = 4; lastKnownFileType = sourcecode.c.objc; path = "NSString+validate.m"; sourceTree = "<group>"; };
		04E8C3B922E5924B00B4FF6D /* NSString+Java.h */ = {isa = PBXFileReference; fileEncoding = 4; lastKnownFileType = sourcecode.c.h; path = "NSString+Java.h"; sourceTree = "<group>"; };
		04E8C3BA22E5924B00B4FF6D /* NSString+Java.m */ = {isa = PBXFileReference; fileEncoding = 4; lastKnownFileType = sourcecode.c.objc; path = "NSString+Java.m"; sourceTree = "<group>"; };
		04E8C3BB22E5924B00B4FF6D /* NSString+validate.h */ = {isa = PBXFileReference; fileEncoding = 4; lastKnownFileType = sourcecode.c.h; path = "NSString+validate.h"; sourceTree = "<group>"; };
		04E8C3C322E5A2F900B4FF6D /* 立即查看按钮@2x.png */ = {isa = PBXFileReference; lastKnownFileType = image.png; path = "立即查看按钮@2x.png"; sourceTree = "<group>"; };
		04E8C3C422E5A2F900B4FF6D /* 立即查看按钮@3x.png */ = {isa = PBXFileReference; lastKnownFileType = image.png; path = "立即查看按钮@3x.png"; sourceTree = "<group>"; };
		04E8C3C522E5A2F900B4FF6D /* 立即查看按钮.png */ = {isa = PBXFileReference; lastKnownFileType = image.png; path = "立即查看按钮.png"; sourceTree = "<group>"; };
		04E8C3CD22E5A91600B4FF6D /* PTHomePageCell.h */ = {isa = PBXFileReference; fileEncoding = 4; lastKnownFileType = sourcecode.c.h; path = PTHomePageCell.h; sourceTree = "<group>"; };
		04E8C3CE22E5A91600B4FF6D /* PTHomePageCell.m */ = {isa = PBXFileReference; fileEncoding = 4; lastKnownFileType = sourcecode.c.objc; path = PTHomePageCell.m; sourceTree = "<group>"; };
		04E8C3CF22E5A91600B4FF6D /* PTHomePageCell.xib */ = {isa = PBXFileReference; fileEncoding = 4; lastKnownFileType = file.xib; path = PTHomePageCell.xib; sourceTree = "<group>"; };
		04E8C3D322E5A93500B4FF6D /* PTHomePageModel.h */ = {isa = PBXFileReference; fileEncoding = 4; lastKnownFileType = sourcecode.c.h; path = PTHomePageModel.h; sourceTree = "<group>"; };
		04E8C3D422E5A93600B4FF6D /* PTHomePageModel.m */ = {isa = PBXFileReference; fileEncoding = 4; lastKnownFileType = sourcecode.c.objc; path = PTHomePageModel.m; sourceTree = "<group>"; };
		04E8C3DD22E5AB3100B4FF6D /* PTMineCell.h */ = {isa = PBXFileReference; fileEncoding = 4; lastKnownFileType = sourcecode.c.h; path = PTMineCell.h; sourceTree = "<group>"; };
		04E8C3DE22E5AB3100B4FF6D /* PTMineCell.xib */ = {isa = PBXFileReference; fileEncoding = 4; lastKnownFileType = file.xib; path = PTMineCell.xib; sourceTree = "<group>"; };
		04E8C3DF22E5AB3100B4FF6D /* PTMineCell.m */ = {isa = PBXFileReference; fileEncoding = 4; lastKnownFileType = sourcecode.c.objc; path = PTMineCell.m; sourceTree = "<group>"; };
		04E8C3E222E5AB3800B4FF6D /* PTMineViewController.h */ = {isa = PBXFileReference; fileEncoding = 4; lastKnownFileType = sourcecode.c.h; path = PTMineViewController.h; sourceTree = "<group>"; };
		04E8C3E322E5AB3800B4FF6D /* PTMineViewController.m */ = {isa = PBXFileReference; fileEncoding = 4; lastKnownFileType = sourcecode.c.objc; path = PTMineViewController.m; sourceTree = "<group>"; };
		04E8C3E922E5AC8900B4FF6D /* PTDetailTitleCell.h */ = {isa = PBXFileReference; lastKnownFileType = sourcecode.c.h; path = PTDetailTitleCell.h; sourceTree = "<group>"; };
		04E8C3EA22E5AC8900B4FF6D /* PTDetailTitleCell.m */ = {isa = PBXFileReference; lastKnownFileType = sourcecode.c.objc; path = PTDetailTitleCell.m; sourceTree = "<group>"; };
		04E8C3EB22E5AC8900B4FF6D /* PTDetailTitleCell.xib */ = {isa = PBXFileReference; lastKnownFileType = file.xib; path = PTDetailTitleCell.xib; sourceTree = "<group>"; };
		04E8C3EE22E5ADAC00B4FF6D /* PTDetailContentCell.h */ = {isa = PBXFileReference; lastKnownFileType = sourcecode.c.h; path = PTDetailContentCell.h; sourceTree = "<group>"; };
		04E8C3EF22E5ADAC00B4FF6D /* PTDetailContentCell.m */ = {isa = PBXFileReference; lastKnownFileType = sourcecode.c.objc; path = PTDetailContentCell.m; sourceTree = "<group>"; };
		04E8C3F022E5ADAC00B4FF6D /* PTDetailContentCell.xib */ = {isa = PBXFileReference; lastKnownFileType = file.xib; path = PTDetailContentCell.xib; sourceTree = "<group>"; };
		04E8C3F322E5ADD900B4FF6D /* PTDetailCompanyCell.h */ = {isa = PBXFileReference; lastKnownFileType = sourcecode.c.h; path = PTDetailCompanyCell.h; sourceTree = "<group>"; };
		04E8C3F422E5ADD900B4FF6D /* PTDetailCompanyCell.m */ = {isa = PBXFileReference; lastKnownFileType = sourcecode.c.objc; path = PTDetailCompanyCell.m; sourceTree = "<group>"; };
		04E8C3F522E5ADD900B4FF6D /* PTDetailCompanyCell.xib */ = {isa = PBXFileReference; lastKnownFileType = file.xib; path = PTDetailCompanyCell.xib; sourceTree = "<group>"; };
		04E8C3F822E5B83700B4FF6D /* 认证图标.png */ = {isa = PBXFileReference; lastKnownFileType = image.png; path = "认证图标.png"; sourceTree = "<group>"; };
		04E8C3F922E5B83700B4FF6D /* 认证图标@3x.png */ = {isa = PBXFileReference; lastKnownFileType = image.png; path = "认证图标@3x.png"; sourceTree = "<group>"; };
		04E8C3FA22E5B83800B4FF6D /* 认证图标@2x.png */ = {isa = PBXFileReference; lastKnownFileType = image.png; path = "认证图标@2x.png"; sourceTree = "<group>"; };
		663C119ACC8EA769B911CC10 /* Pods-PartTime.release.xcconfig */ = {isa = PBXFileReference; includeInIndex = 1; lastKnownFileType = text.xcconfig; name = "Pods-PartTime.release.xcconfig"; path = "Pods/Target Support Files/Pods-PartTime/Pods-PartTime.release.xcconfig"; sourceTree = "<group>"; };
		69078A046E71ECD11CD7531B /* Pods-PartTime.debug.xcconfig */ = {isa = PBXFileReference; includeInIndex = 1; lastKnownFileType = text.xcconfig; name = "Pods-PartTime.debug.xcconfig"; path = "Pods/Target Support Files/Pods-PartTime/Pods-PartTime.debug.xcconfig"; sourceTree = "<group>"; };
		6B47F2C2593B8D5660AD24D1 /* libPods-PartTime.a */ = {isa = PBXFileReference; explicitFileType = archive.ar; includeInIndex = 0; path = "libPods-PartTime.a"; sourceTree = BUILT_PRODUCTS_DIR; };
/* End PBXFileReference section */

/* Begin PBXFrameworksBuildPhase section */
		04E8C34422E5459900B4FF6D /* Frameworks */ = {
			isa = PBXFrameworksBuildPhase;
			buildActionMask = 2147483647;
			files = (
				30EBA0BC06BC86DBD4997BD2 /* libPods-PartTime.a in Frameworks */,
			);
			runOnlyForDeploymentPostprocessing = 0;
		};
/* End PBXFrameworksBuildPhase section */

/* Begin PBXGroup section */
		0418F3E522E692CC00B50063 /* Base */ = {
			isa = PBXGroup;
			children = (
				0418F3E622E692D800B50063 /* BaseViewController.h */,
				0418F3E722E692D800B50063 /* BaseViewController.m */,
			);
			path = Base;
			sourceTree = "<group>";
		};
		0418F3F822E6AA4200B50063 /* Controller */ = {
			isa = PBXGroup;
			children = (
				0418F40222E6AAC500B50063 /* PTChoiceViewController.h */,
				0418F40322E6AAC500B50063 /* PTChoiceViewController.m */,
			);
			path = Controller;
			sourceTree = "<group>";
		};
		0418F3F922E6AA8F00B50063 /* Controller */ = {
			isa = PBXGroup;
			children = (
				0418F3FC22E6AA9900B50063 /* PTDetailViewController.h */,
				0418F3FB22E6AA9900B50063 /* PTDetailViewController.m */,
				0418F3FD22E6AA9900B50063 /* PTHomePageViewController.h */,
				0418F3FA22E6AA9900B50063 /* PTHomePageViewController.m */,
			);
			path = Controller;
			sourceTree = "<group>";
		};
		0418F40022E6AAAD00B50063 /* Model */ = {
			isa = PBXGroup;
			children = (
			);
			path = Model;
			sourceTree = "<group>";
		};
		0418F40122E6AAB300B50063 /* View */ = {
			isa = PBXGroup;
			children = (
				0418F40522E6AC6100B50063 /* PTChoiceHeaderView.h */,
				0418F40622E6AC6100B50063 /* PTChoiceHeaderView.m */,
				0418F40822E6B07D00B50063 /* PTChoiceCell.h */,
				0418F40922E6B07D00B50063 /* PTChoiceCell.m */,
				0418F40A22E6B07D00B50063 /* PTChoiceCell.xib */,
			);
			path = View;
			sourceTree = "<group>";
		};
		0418F40D22E6B60E00B50063 /* Controller */ = {
			isa = PBXGroup;
			children = (
				0418F41022E6B62F00B50063 /* PTWholeViewController.h */,
				0418F41122E6B62F00B50063 /* PTWholeViewController.m */,
			);
			path = Controller;
			sourceTree = "<group>";
		};
		0418F40E22E6B61600B50063 /* View */ = {
			isa = PBXGroup;
			children = (
				0418F41322E6B66000B50063 /* PTWholeHeaderView.h */,
				0418F41422E6B66000B50063 /* PTWholeHeaderView.m */,
			);
			path = View;
			sourceTree = "<group>";
		};
		0418F40F22E6B61D00B50063 /* Model */ = {
			isa = PBXGroup;
			children = (
			);
			path = Model;
			sourceTree = "<group>";
		};
		04E8C33E22E5459900B4FF6D = {
			isa = PBXGroup;
			children = (
				04E8C34922E5459900B4FF6D /* PartTime */,
				04E8C34822E5459900B4FF6D /* Products */,
				454F5304B63AB1391313F474 /* Pods */,
				CBF88F29B6DC275B58CF3601 /* Frameworks */,
			);
			sourceTree = "<group>";
		};
		04E8C34822E5459900B4FF6D /* Products */ = {
			isa = PBXGroup;
			children = (
				04E8C34722E5459900B4FF6D /* PartTime.app */,
			);
			name = Products;
			sourceTree = "<group>";
		};
		04E8C34922E5459900B4FF6D /* PartTime */ = {
			isa = PBXGroup;
			children = (
				0418F3E522E692CC00B50063 /* Base */,
				04E8C37522E549C300B4FF6D /* Tool */,
				04E8C36322E5477600B4FF6D /* Mine */,
				04E8C36222E5476000B4FF6D /* Whole */,
				04E8C36122E5472D00B4FF6D /* Choice */,
				04E8C36022E5466700B4FF6D /* HomePage */,
				04E8C34A22E5459900B4FF6D /* AppDelegate.h */,
				04E8C34B22E5459900B4FF6D /* AppDelegate.m */,
				04E8C36422E547BD00B4FF6D /* PTTabbarViewController.h */,
				04E8C36522E547BD00B4FF6D /* PTTabbarViewController.m */,
				04E8C36622E547BD00B4FF6D /* PTTabbarViewController.xib */,
				04E8C34D22E5459900B4FF6D /* ViewController.h */,
				04E8C34E22E5459900B4FF6D /* ViewController.m */,
				04E8C35022E5459900B4FF6D /* Main.storyboard */,
				04E8C35322E5459900B4FF6D /* Assets.xcassets */,
				04E8C35522E5459900B4FF6D /* LaunchScreen.storyboard */,
				04E8C35822E5459900B4FF6D /* Info.plist */,
				04E8C35922E5459900B4FF6D /* main.m */,
			);
			path = PartTime;
			sourceTree = "<group>";
		};
		04E8C36022E5466700B4FF6D /* HomePage */ = {
			isa = PBXGroup;
			children = (
				0418F3F922E6AA8F00B50063 /* Controller */,
				04E8C3D222E5A92400B4FF6D /* Model */,
				04E8C3CC22E5A8FD00B4FF6D /* View */,
				04E8C37722E55C1400B4FF6D /* images */,
			);
			path = HomePage;
			sourceTree = "<group>";
		};
		04E8C36122E5472D00B4FF6D /* Choice */ = {
			isa = PBXGroup;
			children = (
				0418F40122E6AAB300B50063 /* View */,
				0418F40022E6AAAD00B50063 /* Model */,
				0418F3F822E6AA4200B50063 /* Controller */,
				04E8C38022E55CBB00B4FF6D /* images */,
			);
			path = Choice;
			sourceTree = "<group>";
		};
		04E8C36222E5476000B4FF6D /* Whole */ = {
			isa = PBXGroup;
			children = (
				0418F40F22E6B61D00B50063 /* Model */,
				0418F40E22E6B61600B50063 /* View */,
				0418F40D22E6B60E00B50063 /* Controller */,
				04E8C38722E55CDA00B4FF6D /* images */,
			);
			path = Whole;
			sourceTree = "<group>";
		};
		04E8C36322E5477600B4FF6D /* Mine */ = {
			isa = PBXGroup;
			children = (
				04E8C3DC22E5AB1000B4FF6D /* Controller */,
				04E8C3DB22E5AB0500B4FF6D /* View */,
				04E8C3DA22E5AAFE00B4FF6D /* Model */,
				04E8C3AE22E586BA00B4FF6D /* 登录页面 */,
				04E8C38822E55CE200B4FF6D /* images */,
			);
			path = Mine;
			sourceTree = "<group>";
		};
		04E8C37522E549C300B4FF6D /* Tool */ = {
			isa = PBXGroup;
			children = (
				04E8C3B922E5924B00B4FF6D /* NSString+Java.h */,
				04E8C3BA22E5924B00B4FF6D /* NSString+Java.m */,
				04E8C3BB22E5924B00B4FF6D /* NSString+validate.h */,
				04E8C3B822E5924B00B4FF6D /* NSString+validate.m */,
				04E8C39B22E56DA400B4FF6D /* PTPch.pch */,
				04E8C39C22E56F1A00B4FF6D /* PTTool.h */,
				04E8C39D22E56F1A00B4FF6D /* PTTool.m */,
				0418F3E922E694A500B50063 /* PTManager.h */,
				0418F3EA22E694A500B50063 /* PTManager.m */,
			);
			path = Tool;
			sourceTree = "<group>";
		};
		04E8C37722E55C1400B4FF6D /* images */ = {
			isa = PBXGroup;
			children = (
				0418F42222E6BA3300B50063 /* 高薪日结.png */,
				0418F42822E6BA3400B50063 /* 高薪日结@2x.png */,
				0418F42522E6BA3300B50063 /* 高薪日结@3x.png */,
				0418F42422E6BA3300B50063 /* 简单易做.png */,
				0418F42322E6BA3300B50063 /* 简单易做@2x.png */,
				0418F42A22E6BA3400B50063 /* 简单易做@3x.png */,
				0418F42922E6BA3400B50063 /* 宅家赚钱.png */,
				0418F42622E6BA3400B50063 /* 宅家赚钱@2x.png */,
				0418F42722E6BA3400B50063 /* 宅家赚钱@3x.png */,
				0418F3EC22E697D100B50063 /* 搜索图标.png */,
				0418F3EE22E697D100B50063 /* 搜索图标@2x.png */,
				0418F3ED22E697D100B50063 /* 搜索图标@3x.png */,
				04E8C3F822E5B83700B4FF6D /* 认证图标.png */,
				04E8C3FA22E5B83800B4FF6D /* 认证图标@2x.png */,
				04E8C3F922E5B83700B4FF6D /* 认证图标@3x.png */,
				04E8C3C522E5A2F900B4FF6D /* 立即查看按钮.png */,
				04E8C3C322E5A2F900B4FF6D /* 立即查看按钮@2x.png */,
				04E8C3C422E5A2F900B4FF6D /* 立即查看按钮@3x.png */,
				04E8C37A22E55C2F00B4FF6D /* 首页.png */,
				04E8C37922E55C2F00B4FF6D /* 首页@2x.png */,
				04E8C37822E55C2F00B4FF6D /* 首页@3x.png */,
			);
			path = images;
			sourceTree = "<group>";
		};
		04E8C38022E55CBB00B4FF6D /* images */ = {
			isa = PBXGroup;
			children = (
				0418F43522E6BAE400B50063 /* 精选_down.png */,
				0418F43422E6BAE400B50063 /* 精选_down@2x.png */,
				0418F43622E6BAE400B50063 /* 精选_down@3x.png */,
				04E8C38122E55CCE00B4FF6D /* 精选.png */,
				04E8C38322E55CCE00B4FF6D /* 精选@2x.png */,
				04E8C38222E55CCE00B4FF6D /* 精选@3x.png */,
			);
			path = images;
			sourceTree = "<group>";
		};
		04E8C38722E55CDA00B4FF6D /* images */ = {
			isa = PBXGroup;
			children = (
				0418F41A22E6B93B00B50063 /* 全部_down.png */,
				0418F41722E6B93B00B50063 /* 全部_down@2x.png */,
				0418F41822E6B93B00B50063 /* 全部_down@3x.png */,
				0418F41922E6B93B00B50063 /* BANNER _ 长图.png */,
				0418F41B22E6B93B00B50063 /* BANNER _ 长图@2x.png */,
				0418F41622E6B93B00B50063 /* BANNER _ 长图@3x.png */,
				04E8C39722E55D1700B4FF6D /* 全部.png */,
				04E8C39622E55D1600B4FF6D /* 全部@2x.png */,
				04E8C39522E55D1600B4FF6D /* 全部@3x.png */,
			);
			path = images;
			sourceTree = "<group>";
		};
		04E8C38822E55CE200B4FF6D /* images */ = {
			isa = PBXGroup;
			children = (
				04E8C3B422E5878300B4FF6D /* 关闭_白色@2x.png */,
				04E8C3B522E5878300B4FF6D /* 关闭_白色@3x.png */,
				04E8C3AA22E5742400B4FF6D /* rightArrow@2x.png */,
				04E8C3AB22E5742400B4FF6D /* rightArrow@3x.png */,
				04E8C3A122E5710200B4FF6D /* 我的选中.png */,
				04E8C39F22E5710100B4FF6D /* 我的选中@2x.png */,
				04E8C3A022E5710200B4FF6D /* 我的选中@3x.png */,
				04E8C38F22E55D0700B4FF6D /* 我的.png */,
				04E8C39022E55D0700B4FF6D /* 我的@2x.png */,
				04E8C39122E55D0700B4FF6D /* 我的@3x.png */,
			);
			path = images;
			sourceTree = "<group>";
		};
		04E8C3AE22E586BA00B4FF6D /* 登录页面 */ = {
			isa = PBXGroup;
			children = (
				04E8C3AF22E586D500B4FF6D /* PTLoginViewController.h */,
				04E8C3B022E586D500B4FF6D /* PTLoginViewController.m */,
				04E8C3B122E586D500B4FF6D /* PTLoginViewController.xib */,
			);
			path = "登录页面";
			sourceTree = "<group>";
		};
		04E8C3CC22E5A8FD00B4FF6D /* View */ = {
			isa = PBXGroup;
			children = (
				04E8C3F322E5ADD900B4FF6D /* PTDetailCompanyCell.h */,
				04E8C3F422E5ADD900B4FF6D /* PTDetailCompanyCell.m */,
				04E8C3F522E5ADD900B4FF6D /* PTDetailCompanyCell.xib */,
				04E8C3EE22E5ADAC00B4FF6D /* PTDetailContentCell.h */,
				04E8C3EF22E5ADAC00B4FF6D /* PTDetailContentCell.m */,
				04E8C3F022E5ADAC00B4FF6D /* PTDetailContentCell.xib */,
				04E8C3E922E5AC8900B4FF6D /* PTDetailTitleCell.h */,
				04E8C3EA22E5AC8900B4FF6D /* PTDetailTitleCell.m */,
				04E8C3EB22E5AC8900B4FF6D /* PTDetailTitleCell.xib */,
				04E8C3CD22E5A91600B4FF6D /* PTHomePageCell.h */,
				04E8C3CE22E5A91600B4FF6D /* PTHomePageCell.m */,
				04E8C3CF22E5A91600B4FF6D /* PTHomePageCell.xib */,
				0418F3F222E69DC100B50063 /* PTHomePageHeaderView.h */,
				0418F3F322E69DC100B50063 /* PTHomePageHeaderView.m */,
				0418F3E222E692AE00B50063 /* PTSearchView.h */,
				0418F3E322E692AE00B50063 /* PTSearchView.m */,
			);
			path = View;
			sourceTree = "<group>";
		};
		04E8C3D222E5A92400B4FF6D /* Model */ = {
			isa = PBXGroup;
			children = (
				04E8C3D322E5A93500B4FF6D /* PTHomePageModel.h */,
				04E8C3D422E5A93600B4FF6D /* PTHomePageModel.m */,
			);
			path = Model;
			sourceTree = "<group>";
		};
		04E8C3DA22E5AAFE00B4FF6D /* Model */ = {
			isa = PBXGroup;
			children = (
			);
			path = Model;
			sourceTree = "<group>";
		};
		04E8C3DB22E5AB0500B4FF6D /* View */ = {
			isa = PBXGroup;
			children = (
				04E8C3DD22E5AB3100B4FF6D /* PTMineCell.h */,
				04E8C3DF22E5AB3100B4FF6D /* PTMineCell.m */,
				04E8C3DE22E5AB3100B4FF6D /* PTMineCell.xib */,
			);
			path = View;
			sourceTree = "<group>";
		};
		04E8C3DC22E5AB1000B4FF6D /* Controller */ = {
			isa = PBXGroup;
			children = (
				04E8C3E222E5AB3800B4FF6D /* PTMineViewController.h */,
				04E8C3E322E5AB3800B4FF6D /* PTMineViewController.m */,
			);
			path = Controller;
			sourceTree = "<group>";
		};
		454F5304B63AB1391313F474 /* Pods */ = {
			isa = PBXGroup;
			children = (
				69078A046E71ECD11CD7531B /* Pods-PartTime.debug.xcconfig */,
				663C119ACC8EA769B911CC10 /* Pods-PartTime.release.xcconfig */,
			);
			name = Pods;
			sourceTree = "<group>";
		};
		CBF88F29B6DC275B58CF3601 /* Frameworks */ = {
			isa = PBXGroup;
			children = (
				6B47F2C2593B8D5660AD24D1 /* libPods-PartTime.a */,
			);
			name = Frameworks;
			sourceTree = "<group>";
		};
/* End PBXGroup section */

/* Begin PBXNativeTarget section */
		04E8C34622E5459900B4FF6D /* PartTime */ = {
			isa = PBXNativeTarget;
			buildConfigurationList = 04E8C35D22E5459900B4FF6D /* Build configuration list for PBXNativeTarget "PartTime" */;
			buildPhases = (
				2338B69A81E81DC70106BA66 /* [CP] Check Pods Manifest.lock */,
				04E8C34322E5459900B4FF6D /* Sources */,
				04E8C34422E5459900B4FF6D /* Frameworks */,
				04E8C34522E5459900B4FF6D /* Resources */,
			);
			buildRules = (
			);
			dependencies = (
			);
			name = PartTime;
			productName = PartTime;
			productReference = 04E8C34722E5459900B4FF6D /* PartTime.app */;
			productType = "com.apple.product-type.application";
		};
/* End PBXNativeTarget section */

/* Begin PBXProject section */
		04E8C33F22E5459900B4FF6D /* Project object */ = {
			isa = PBXProject;
			attributes = {
				LastUpgradeCheck = 1020;
				ORGANIZATIONNAME = Mac;
				TargetAttributes = {
					04E8C34622E5459900B4FF6D = {
						CreatedOnToolsVersion = 10.2.1;
					};
				};
			};
			buildConfigurationList = 04E8C34222E5459900B4FF6D /* Build configuration list for PBXProject "PartTime" */;
			compatibilityVersion = "Xcode 9.3";
			developmentRegion = en;
			hasScannedForEncodings = 0;
			knownRegions = (
				en,
				Base,
			);
			mainGroup = 04E8C33E22E5459900B4FF6D;
			productRefGroup = 04E8C34822E5459900B4FF6D /* Products */;
			projectDirPath = "";
			projectRoot = "";
			targets = (
				04E8C34622E5459900B4FF6D /* PartTime */,
			);
		};
/* End PBXProject section */

/* Begin PBXResourcesBuildPhase section */
		04E8C34522E5459900B4FF6D /* Resources */ = {
			isa = PBXResourcesBuildPhase;
			buildActionMask = 2147483647;
			files = (
				04E8C39222E55D0700B4FF6D /* 我的.png in Resources */,
				0418F42B22E6BA3400B50063 /* 高薪日结.png in Resources */,
				04E8C3FC22E5B83800B4FF6D /* 认证图标@3x.png in Resources */,
				04E8C3E022E5AB3100B4FF6D /* PTMineCell.xib in Resources */,
				04E8C39422E55D0700B4FF6D /* 我的@3x.png in Resources */,
				0418F41F22E6B93B00B50063 /* BANNER _ 长图.png in Resources */,
				04E8C3F222E5ADAC00B4FF6D /* PTDetailContentCell.xib in Resources */,
				0418F40C22E6B07D00B50063 /* PTChoiceCell.xib in Resources */,
				04E8C38422E55CCE00B4FF6D /* 精选.png in Resources */,
				0418F41E22E6B93B00B50063 /* 全部_down@3x.png in Resources */,
				0418F42022E6B93B00B50063 /* 全部_down.png in Resources */,
				0418F43222E6BA3400B50063 /* 宅家赚钱.png in Resources */,
				04E8C39922E55D1700B4FF6D /* 全部@2x.png in Resources */,
				04E8C3C822E5A2F900B4FF6D /* 立即查看按钮.png in Resources */,
				04E8C3A222E5710200B4FF6D /* 我的选中@2x.png in Resources */,
				0418F42C22E6BA3400B50063 /* 简单易做@2x.png in Resources */,
				04E8C35722E5459900B4FF6D /* LaunchScreen.storyboard in Resources */,
				04E8C3FD22E5B83800B4FF6D /* 认证图标@2x.png in Resources */,
				04E8C39322E55D0700B4FF6D /* 我的@2x.png in Resources */,
				0418F43122E6BA3400B50063 /* 高薪日结@2x.png in Resources */,
				04E8C35422E5459900B4FF6D /* Assets.xcassets in Resources */,
				04E8C3D122E5A91600B4FF6D /* PTHomePageCell.xib in Resources */,
				04E8C3AC22E5742400B4FF6D /* rightArrow@2x.png in Resources */,
				0418F42122E6B93B00B50063 /* BANNER _ 长图@2x.png in Resources */,
				04E8C3C622E5A2F900B4FF6D /* 立即查看按钮@2x.png in Resources */,
				04E8C37B22E55C2F00B4FF6D /* 首页@3x.png in Resources */,
				0418F3F122E697D100B50063 /* 搜索图标@2x.png in Resources */,
				04E8C36822E547BD00B4FF6D /* PTTabbarViewController.xib in Resources */,
				0418F43822E6BAE400B50063 /* 精选_down.png in Resources */,
				0418F42F22E6BA3400B50063 /* 宅家赚钱@2x.png in Resources */,
				04E8C39A22E55D1700B4FF6D /* 全部.png in Resources */,
				04E8C38622E55CCE00B4FF6D /* 精选@2x.png in Resources */,
				04E8C3B322E586D500B4FF6D /* PTLoginViewController.xib in Resources */,
				04E8C3C722E5A2F900B4FF6D /* 立即查看按钮@3x.png in Resources */,
				0418F3EF22E697D100B50063 /* 搜索图标.png in Resources */,
				04E8C3B622E5878300B4FF6D /* 关闭_白色@2x.png in Resources */,
				0418F41D22E6B93B00B50063 /* 全部_down@2x.png in Resources */,
				0418F42E22E6BA3400B50063 /* 高薪日结@3x.png in Resources */,
				0418F43322E6BA3400B50063 /* 简单易做@3x.png in Resources */,
				0418F43722E6BAE400B50063 /* 精选_down@2x.png in Resources */,
				04E8C3AD22E5742400B4FF6D /* rightArrow@3x.png in Resources */,
				04E8C3FB22E5B83800B4FF6D /* 认证图标.png in Resources */,
				0418F43922E6BAE400B50063 /* 精选_down@3x.png in Resources */,
				04E8C3F722E5ADD900B4FF6D /* PTDetailCompanyCell.xib in Resources */,
				0418F43022E6BA3400B50063 /* 宅家赚钱@3x.png in Resources */,
				04E8C3B722E5878300B4FF6D /* 关闭_白色@3x.png in Resources */,
				04E8C3A322E5710200B4FF6D /* 我的选中@3x.png in Resources */,
				04E8C3ED22E5AC8900B4FF6D /* PTDetailTitleCell.xib in Resources */,
				04E8C39822E55D1700B4FF6D /* 全部@3x.png in Resources */,
				04E8C3A422E5710200B4FF6D /* 我的选中.png in Resources */,
				0418F41C22E6B93B00B50063 /* BANNER _ 长图@3x.png in Resources */,
				04E8C37D22E55C2F00B4FF6D /* 首页.png in Resources */,
				0418F3F022E697D100B50063 /* 搜索图标@3x.png in Resources */,
				04E8C38522E55CCE00B4FF6D /* 精选@3x.png in Resources */,
				0418F42D22E6BA3400B50063 /* 简单易做.png in Resources */,
				04E8C35222E5459900B4FF6D /* Main.storyboard in Resources */,
				04E8C37C22E55C2F00B4FF6D /* 首页@2x.png in Resources */,
			);
			runOnlyForDeploymentPostprocessing = 0;
		};
/* End PBXResourcesBuildPhase section */

/* Begin PBXShellScriptBuildPhase section */
		2338B69A81E81DC70106BA66 /* [CP] Check Pods Manifest.lock */ = {
			isa = PBXShellScriptBuildPhase;
			buildActionMask = 2147483647;
			files = (
			);
			inputFileListPaths = (
			);
			inputPaths = (
				"${PODS_PODFILE_DIR_PATH}/Podfile.lock",
				"${PODS_ROOT}/Manifest.lock",
			);
			name = "[CP] Check Pods Manifest.lock";
			outputFileListPaths = (
			);
			outputPaths = (
				"$(DERIVED_FILE_DIR)/Pods-PartTime-checkManifestLockResult.txt",
			);
			runOnlyForDeploymentPostprocessing = 0;
			shellPath = /bin/sh;
			shellScript = "diff \"${PODS_PODFILE_DIR_PATH}/Podfile.lock\" \"${PODS_ROOT}/Manifest.lock\" > /dev/null\nif [ $? != 0 ] ; then\n    # print error to STDERR\n    echo \"error: The sandbox is not in sync with the Podfile.lock. Run 'pod install' or update your CocoaPods installation.\" >&2\n    exit 1\nfi\n# This output is used by Xcode 'outputs' to avoid re-running this script phase.\necho \"SUCCESS\" > \"${SCRIPT_OUTPUT_FILE_0}\"\n";
			showEnvVarsInLog = 0;
		};
/* End PBXShellScriptBuildPhase section */

/* Begin PBXSourcesBuildPhase section */
		04E8C34322E5459900B4FF6D /* Sources */ = {
			isa = PBXSourcesBuildPhase;
			buildActionMask = 2147483647;
			files = (
				04E8C3F122E5ADAC00B4FF6D /* PTDetailContentCell.m in Sources */,
				0418F40422E6AAC500B50063 /* PTChoiceViewController.m in Sources */,
				0418F40722E6AC6100B50063 /* PTChoiceHeaderView.m in Sources */,
				04E8C3E122E5AB3100B4FF6D /* PTMineCell.m in Sources */,
				04E8C3EC22E5AC8900B4FF6D /* PTDetailTitleCell.m in Sources */,
				0418F3EB22E694A500B50063 /* PTManager.m in Sources */,
				04E8C3D022E5A91600B4FF6D /* PTHomePageCell.m in Sources */,
				0418F41522E6B66000B50063 /* PTWholeHeaderView.m in Sources */,
				04E8C34F22E5459900B4FF6D /* ViewController.m in Sources */,
				04E8C3F622E5ADD900B4FF6D /* PTDetailCompanyCell.m in Sources */,
				0418F3FE22E6AA9900B50063 /* PTHomePageViewController.m in Sources */,
				04E8C3BC22E5924B00B4FF6D /* NSString+validate.m in Sources */,
				0418F41222E6B62F00B50063 /* PTWholeViewController.m in Sources */,
				0418F40B22E6B07D00B50063 /* PTChoiceCell.m in Sources */,
				04E8C3E422E5AB3800B4FF6D /* PTMineViewController.m in Sources */,
				0418F3F422E69DC100B50063 /* PTHomePageHeaderView.m in Sources */,
				04E8C3D522E5A93600B4FF6D /* PTHomePageModel.m in Sources */,
				04E8C3BD22E5924B00B4FF6D /* NSString+Java.m in Sources */,
				04E8C35A22E5459900B4FF6D /* main.m in Sources */,
				04E8C36722E547BD00B4FF6D /* PTTabbarViewController.m in Sources */,
				04E8C34C22E5459900B4FF6D /* AppDelegate.m in Sources */,
				04E8C39E22E56F1A00B4FF6D /* PTTool.m in Sources */,
				0418F3E422E692AE00B50063 /* PTSearchView.m in Sources */,
				0418F3E822E692D800B50063 /* BaseViewController.m in Sources */,
				0418F3FF22E6AA9900B50063 /* PTDetailViewController.m in Sources */,
				04E8C3B222E586D500B4FF6D /* PTLoginViewController.m in Sources */,
			);
			runOnlyForDeploymentPostprocessing = 0;
		};
/* End PBXSourcesBuildPhase section */

/* Begin PBXVariantGroup section */
		04E8C35022E5459900B4FF6D /* Main.storyboard */ = {
			isa = PBXVariantGroup;
			children = (
				04E8C35122E5459900B4FF6D /* Base */,
			);
			name = Main.storyboard;
			sourceTree = "<group>";
		};
		04E8C35522E5459900B4FF6D /* LaunchScreen.storyboard */ = {
			isa = PBXVariantGroup;
			children = (
				04E8C35622E5459900B4FF6D /* Base */,
			);
			name = LaunchScreen.storyboard;
			sourceTree = "<group>";
		};
/* End PBXVariantGroup section */

/* Begin XCBuildConfiguration section */
		04E8C35B22E5459900B4FF6D /* Debug */ = {
			isa = XCBuildConfiguration;
			buildSettings = {
				ALWAYS_SEARCH_USER_PATHS = NO;
				CLANG_ANALYZER_NONNULL = YES;
				CLANG_ANALYZER_NUMBER_OBJECT_CONVERSION = YES_AGGRESSIVE;
				CLANG_CXX_LANGUAGE_STANDARD = "gnu++14";
				CLANG_CXX_LIBRARY = "libc++";
				CLANG_ENABLE_MODULES = YES;
				CLANG_ENABLE_OBJC_ARC = YES;
				CLANG_ENABLE_OBJC_WEAK = YES;
				CLANG_WARN_BLOCK_CAPTURE_AUTORELEASING = YES;
				CLANG_WARN_BOOL_CONVERSION = YES;
				CLANG_WARN_COMMA = YES;
				CLANG_WARN_CONSTANT_CONVERSION = YES;
				CLANG_WARN_DEPRECATED_OBJC_IMPLEMENTATIONS = YES;
				CLANG_WARN_DIRECT_OBJC_ISA_USAGE = YES_ERROR;
				CLANG_WARN_DOCUMENTATION_COMMENTS = YES;
				CLANG_WARN_EMPTY_BODY = YES;
				CLANG_WARN_ENUM_CONVERSION = YES;
				CLANG_WARN_INFINITE_RECURSION = YES;
				CLANG_WARN_INT_CONVERSION = YES;
				CLANG_WARN_NON_LITERAL_NULL_CONVERSION = YES;
				CLANG_WARN_OBJC_IMPLICIT_RETAIN_SELF = YES;
				CLANG_WARN_OBJC_LITERAL_CONVERSION = YES;
				CLANG_WARN_OBJC_ROOT_CLASS = YES_ERROR;
				CLANG_WARN_RANGE_LOOP_ANALYSIS = YES;
				CLANG_WARN_STRICT_PROTOTYPES = YES;
				CLANG_WARN_SUSPICIOUS_MOVE = YES;
				CLANG_WARN_UNGUARDED_AVAILABILITY = YES_AGGRESSIVE;
				CLANG_WARN_UNREACHABLE_CODE = YES;
				CLANG_WARN__DUPLICATE_METHOD_MATCH = YES;
				CODE_SIGN_IDENTITY = "iPhone Developer";
				COPY_PHASE_STRIP = NO;
				DEBUG_INFORMATION_FORMAT = dwarf;
				ENABLE_STRICT_OBJC_MSGSEND = YES;
				ENABLE_TESTABILITY = YES;
				GCC_C_LANGUAGE_STANDARD = gnu11;
				GCC_DYNAMIC_NO_PIC = NO;
				GCC_NO_COMMON_BLOCKS = YES;
				GCC_OPTIMIZATION_LEVEL = 0;
				GCC_PREPROCESSOR_DEFINITIONS = (
					"DEBUG=1",
					"$(inherited)",
				);
				GCC_WARN_64_TO_32_BIT_CONVERSION = YES;
				GCC_WARN_ABOUT_RETURN_TYPE = YES_ERROR;
				GCC_WARN_UNDECLARED_SELECTOR = YES;
				GCC_WARN_UNINITIALIZED_AUTOS = YES_AGGRESSIVE;
				GCC_WARN_UNUSED_FUNCTION = YES;
				GCC_WARN_UNUSED_VARIABLE = YES;
				IPHONEOS_DEPLOYMENT_TARGET = 12.2;
				MTL_ENABLE_DEBUG_INFO = INCLUDE_SOURCE;
				MTL_FAST_MATH = YES;
				ONLY_ACTIVE_ARCH = YES;
				SDKROOT = iphoneos;
			};
			name = Debug;
		};
		04E8C35C22E5459900B4FF6D /* Release */ = {
			isa = XCBuildConfiguration;
			buildSettings = {
				ALWAYS_SEARCH_USER_PATHS = NO;
				CLANG_ANALYZER_NONNULL = YES;
				CLANG_ANALYZER_NUMBER_OBJECT_CONVERSION = YES_AGGRESSIVE;
				CLANG_CXX_LANGUAGE_STANDARD = "gnu++14";
				CLANG_CXX_LIBRARY = "libc++";
				CLANG_ENABLE_MODULES = YES;
				CLANG_ENABLE_OBJC_ARC = YES;
				CLANG_ENABLE_OBJC_WEAK = YES;
				CLANG_WARN_BLOCK_CAPTURE_AUTORELEASING = YES;
				CLANG_WARN_BOOL_CONVERSION = YES;
				CLANG_WARN_COMMA = YES;
				CLANG_WARN_CONSTANT_CONVERSION = YES;
				CLANG_WARN_DEPRECATED_OBJC_IMPLEMENTATIONS = YES;
				CLANG_WARN_DIRECT_OBJC_ISA_USAGE = YES_ERROR;
				CLANG_WARN_DOCUMENTATION_COMMENTS = YES;
				CLANG_WARN_EMPTY_BODY = YES;
				CLANG_WARN_ENUM_CONVERSION = YES;
				CLANG_WARN_INFINITE_RECURSION = YES;
				CLANG_WARN_INT_CONVERSION = YES;
				CLANG_WARN_NON_LITERAL_NULL_CONVERSION = YES;
				CLANG_WARN_OBJC_IMPLICIT_RETAIN_SELF = YES;
				CLANG_WARN_OBJC_LITERAL_CONVERSION = YES;
				CLANG_WARN_OBJC_ROOT_CLASS = YES_ERROR;
				CLANG_WARN_RANGE_LOOP_ANALYSIS = YES;
				CLANG_WARN_STRICT_PROTOTYPES = YES;
				CLANG_WARN_SUSPICIOUS_MOVE = YES;
				CLANG_WARN_UNGUARDED_AVAILABILITY = YES_AGGRESSIVE;
				CLANG_WARN_UNREACHABLE_CODE = YES;
				CLANG_WARN__DUPLICATE_METHOD_MATCH = YES;
				CODE_SIGN_IDENTITY = "iPhone Developer";
				COPY_PHASE_STRIP = NO;
				DEBUG_INFORMATION_FORMAT = "dwarf-with-dsym";
				ENABLE_NS_ASSERTIONS = NO;
				ENABLE_STRICT_OBJC_MSGSEND = YES;
				GCC_C_LANGUAGE_STANDARD = gnu11;
				GCC_NO_COMMON_BLOCKS = YES;
				GCC_WARN_64_TO_32_BIT_CONVERSION = YES;
				GCC_WARN_ABOUT_RETURN_TYPE = YES_ERROR;
				GCC_WARN_UNDECLARED_SELECTOR = YES;
				GCC_WARN_UNINITIALIZED_AUTOS = YES_AGGRESSIVE;
				GCC_WARN_UNUSED_FUNCTION = YES;
				GCC_WARN_UNUSED_VARIABLE = YES;
				IPHONEOS_DEPLOYMENT_TARGET = 12.2;
				MTL_ENABLE_DEBUG_INFO = NO;
				MTL_FAST_MATH = YES;
				SDKROOT = iphoneos;
				VALIDATE_PRODUCT = YES;
			};
			name = Release;
		};
		04E8C35E22E5459900B4FF6D /* Debug */ = {
			isa = XCBuildConfiguration;
			baseConfigurationReference = 69078A046E71ECD11CD7531B /* Pods-PartTime.debug.xcconfig */;
			buildSettings = {
				ASSETCATALOG_COMPILER_APPICON_NAME = AppIcon;
				CODE_SIGN_STYLE = Manual;
				DEVELOPMENT_TEAM = VD3KV6ESJD;
				GCC_PRECOMPILE_PREFIX_HEADER = YES;
				GCC_PREFIX_HEADER = PartTime/Tool/PTPch.pch;
				INFOPLIST_FILE = PartTime/Info.plist;
				IPHONEOS_DEPLOYMENT_TARGET = 10.2;
				LD_RUNPATH_SEARCH_PATHS = (
					"$(inherited)",
					"@executable_path/Frameworks",
				);
				PRODUCT_BUNDLE_IDENTIFIER = com.jhss.simustock;
				PRODUCT_NAME = "$(TARGET_NAME)";
				PROVISIONING_PROFILE_SPECIFIER = DevelopmentP_2020_0520;
				TARGETED_DEVICE_FAMILY = "1,2";
			};
			name = Debug;
		};
		04E8C35F22E5459900B4FF6D /* Release */ = {
			isa = XCBuildConfiguration;
			baseConfigurationReference = 663C119ACC8EA769B911CC10 /* Pods-PartTime.release.xcconfig */;
			buildSettings = {
				ASSETCATALOG_COMPILER_APPICON_NAME = AppIcon;
				CODE_SIGN_IDENTITY = "iPhone Distribution";
				CODE_SIGN_STYLE = Manual;
				DEVELOPMENT_TEAM = VD3KV6ESJD;
				GCC_PRECOMPILE_PREFIX_HEADER = YES;
				GCC_PREFIX_HEADER = PartTime/Tool/PTPch.pch;
				INFOPLIST_FILE = PartTime/Info.plist;
				IPHONEOS_DEPLOYMENT_TARGET = 10.2;
				LD_RUNPATH_SEARCH_PATHS = (
					"$(inherited)",
					"@executable_path/Frameworks",
				);
				PRODUCT_BUNDLE_IDENTIFIER = com.jhss.simustock;
				PRODUCT_NAME = "$(TARGET_NAME)";
				PROVISIONING_PROFILE_SPECIFIER = fei2020;
				TARGETED_DEVICE_FAMILY = "1,2";
			};
			name = Release;
		};
/* End XCBuildConfiguration section */

/* Begin XCConfigurationList section */
		04E8C34222E5459900B4FF6D /* Build configuration list for PBXProject "PartTime" */ = {
			isa = XCConfigurationList;
			buildConfigurations = (
				04E8C35B22E5459900B4FF6D /* Debug */,
				04E8C35C22E5459900B4FF6D /* Release */,
			);
			defaultConfigurationIsVisible = 0;
			defaultConfigurationName = Release;
		};
		04E8C35D22E5459900B4FF6D /* Build configuration list for PBXNativeTarget "PartTime" */ = {
			isa = XCConfigurationList;
			buildConfigurations = (
				04E8C35E22E5459900B4FF6D /* Debug */,
				04E8C35F22E5459900B4FF6D /* Release */,
			);
			defaultConfigurationIsVisible = 0;
			defaultConfigurationName = Release;
		};
/* End XCConfigurationList section */
	};
	rootObject = 04E8C33F22E5459900B4FF6D /* Project object */;
}
